
Microsoft Visual Studio Solution File, Format Version 12.00
# Visual Studio 15
VisualStudioVersion = 15.0.28307.106
MinimumVisualStudioVersion = 10.0.40219.1
Project("{FAE04EC0-301F-11D3-BF4B-00C04F79EFBC}") = "DesignPatterns.SOLID.SRP", "DesignPatterns.SOLID.SRP.csproj", "{2299A411-8B33-479E-89A0-DE18D04DB66E}"
EndProject
Project("{FAE04EC0-301F-11D3-BF4B-00C04F79EFBC}") = "DesignPatterns.SOLID.OCP", "..\DesignPatterns.OCP\DesignPatterns.SOLID.OCP.csproj", "{016697D0-D22D-40C8-BF59-73135CC99E73}"
EndProject
Global
	GlobalSection(SolutionConfigurationPlatforms) = preSolution
		Debug|Any CPU = Debug|Any CPU
		Release|Any CPU = Release|Any CPU
	EndGlobalSection
	GlobalSection(ProjectConfigurationPlatforms) = postSolution
		{2299A411-8B33-479E-89A0-DE18D04DB66E}.Debug|Any CPU.ActiveCfg = Debug|Any CPU
		{2299A411-8B33-479E-89A0-DE18D04DB66E}.Debug|Any CPU.Build.0 = Debug|Any CPU
		{2299A411-8B33-479E-89A0-DE18D04DB66E}.Release|Any CPU.ActiveCfg = Release|Any CPU
		{2299A411-8B33-479E-89A0-DE18D04DB66E}.Release|Any CPU.Build.0 = Release|Any CPU
		{016697D0-D22D-40C8-BF59-73135CC99E73}.Debug|Any CPU.ActiveCfg = Debug|Any CPU
		{016697D0-D22D-40C8-BF59-73135CC99E73}.Debug|Any CPU.Build.0 = Debug|Any CPU
		{016697D0-D22D-40C8-BF59-73135CC99E73}.Release|Any CPU.ActiveCfg = Release|Any CPU
		{016697D0-D22D-40C8-BF59-73135CC99E73}.Release|Any CPU.Build.0 = Release|Any CPU
	EndGlobalSection
	GlobalSection(SolutionProperties) = preSolution
		HideSolutionNode = FALSE
	EndGlobalSection
	GlobalSection(ExtensibilityGlobals) = postSolution
		SolutionGuid = {24E71E08-AC99-4558-BD7F-9DC103A9E07A}
	EndGlobalSection
EndGlobal
